# This file was autogenerated by Stack.
# You should not edit this file by hand.
# For more information, please see the documentation at:
#   https://docs.haskellstack.org/en/stable/topics/lock_files

packages:
- completed:
    hackage: bitmap-0.0.2@sha256:4b0cd4e7d24ae2cdc23e76aefd45fcffa77c8bec922ecb600832e951cb507992,1622
    pantry-tree:
      sha256: b1d4eb48f3817438454a74f32bf5c684a554b35d6f68b6dcffe63c02ac12f238
      size: 876
  original:
    hackage: bitmap-0.0.2
- completed:
    hackage: bitmap-opengl-0.0.1.5@sha256:2f62945fe321ede593c13b144cd5ef9597605134c434dde42332a695cec80f96,1259
    pantry-tree:
      sha256: 588eb2a496a8b378ba76d4a13a38c9db3d70cae9f7a69e68c77d93616a25063e
      size: 290
  original:
    hackage: bitmap-opengl-0.0.1.5
- completed:
    hackage: stb-image-0.2.1@sha256:784700aa0a317f94215c0c992bbb61fa0a58284d040a7ed646b6b4c2c16273e7,1432
    pantry-tree:
      sha256: afb20707ca5e29199b658fcde2337a9d12187400f6dea7308d3819d093d9a571
      size: 389
  original:
    hackage: stb-image-0.2.1
- completed:
    hackage: unicode-properties-3.2.0.0@sha256:239766a6ac4322329353f6b9cd546024fd8c5f0235c8e32b3cba2d6bd245a699,1000
    pantry-tree:
      sha256: 3a974b080eab5f26b02e1641a794e645dbdbbe3e994ccbe9209e758787b2fa13
      size: 1465
  original:
    hackage: unicode-properties-3.2.0.0
- completed:
    hackage: inline-c-objc-0.1.0.0@sha256:b08f875fc26c6a676eaca1e7de8649c91631b683d7a74bfb0ed09b649358133c,1337
    pantry-tree:
      sha256: cb4a280fb81e2f172794fe7bd426914c3e7f0c0f3fe50ddbd8d5a19b2d5cac04
      size: 233
  original:
    hackage: inline-c-objc-0.1.0.0
- completed:
    name: language-ecmascript
    pantry-tree:
      sha256: ceadfc1876272ee9bf92d76d08ffff4807e3436ba86d1e4b22a3a0db926ec59d
      size: 3166
    sha256: afa2951caa6643bddc74132e2b035b0c97c81458ae43d6b7e30d7b005aba3ddf
    size: 59813
    url: https://github.com/jswebtools/language-ecmascript/archive/a1e47e69e68f6f70f8eca40d28dd8b702262a123.tar.gz
    version: 0.19.1.0
  original:
    url: https://github.com/jswebtools/language-ecmascript/archive/a1e47e69e68f6f70f8eca40d28dd8b702262a123.tar.gz
- completed:
    name: text-trie
    pantry-tree:
      sha256: 1e9c994e89c2db4559713c2c6fb610600e8295a1c63d99d0da85088481516b87
      size: 1557
    sha256: fd52d91bc7136b5a5e566d65d6ec0ea4391e75daf88b1c808cfbc31e3a304d64
    size: 31108
    url: https://github.com/lamdu/text-trie/archive/2b4c94bccaa9c60f59ff06fad04d52b113a53ff2.tar.gz
    version: 0.2.5.0
  original:
    url: https://github.com/lamdu/text-trie/archive/2b4c94bccaa9c60f59ff06fad04d52b113a53ff2.tar.gz
- completed:
    name: rocksdb-haskell
    pantry-tree:
      sha256: c00fa317d76c42a826d35772f14a27dd70c029f85833680856517dacc02710e1
      size: 1033
    sha256: 3b57e6aa49dd0b8fbd6018be5cd2b831c4f3846638fa044aeace7cba9dd45a65
    size: 17261
    url: https://github.com/lamdu/rocksdb-haskell/archive/c0b13d11784fff618f6a459e1570bb0b369d2551.tar.gz
    version: 1.0.2
  original:
    url: https://github.com/lamdu/rocksdb-haskell/archive/c0b13d11784fff618f6a459e1570bb0b369d2551.tar.gz
- completed:
    name: bindings-freetype-gl
    pantry-tree:
      sha256: 0d0d8a8afc51690034c0830c3a28978a59e632229d303eac4f598bf2f9d76b43
      size: 1498
    sha256: 98c6d3081836272199e4144249d030549f5e862de4e9d0770b60f5051303281b
    size: 224319
    url: https://github.com/lamdu/bindings-freetype-gl/archive/8d311d96c5fa7fcfb5b79d057c9c24944d5d234b.tar.gz
    version: 0.1.0.0
  original:
    url: https://github.com/lamdu/bindings-freetype-gl/archive/8d311d96c5fa7fcfb5b79d057c9c24944d5d234b.tar.gz
- completed:
    name: lamdu-calculus
    pantry-tree:
      sha256: a9efbee0d421f627f08b7ba064f137ad649944b2cbd46da777fe1d6bff6f8d4e
      size: 1389
    sha256: a65bff7d22a052e7fa96898b339d6cc74694ba293de2dce9fccad8701ecef3a0
    size: 22914
    url: https://github.com/lamdu/lamdu-calculus/archive/21332a4c1576ad028bbb693b23e8943089256ef8.tar.gz
    version: 0.2.0.1
  original:
    url: https://github.com/lamdu/lamdu-calculus/archive/21332a4c1576ad028bbb693b23e8943089256ef8.tar.gz
- completed:
    name: momentu
    pantry-tree:
      sha256: 4a508251930d0f66c9f116c339b7b4dce14c980f909bb43ea2faa92be499d214
      size: 6667
    sha256: 16003ab639adfc65a84a16ccd23d32018e3203016c48bf622c1ac19d8adf804f
    size: 470288
    url: https://github.com/lamdu/momentu/archive/c844afbfc95fb7391f9b9d1023630fea40a3fc9f.tar.gz
    version: 0.1.4.0
  original:
    url: https://github.com/lamdu/momentu/archive/c844afbfc95fb7391f9b9d1023630fea40a3fc9f.tar.gz
- completed:
    name: GLFW-b
    pantry-tree:
      sha256: 3379aaa2183db084985e3c8c89c6469b03314254c923c6ce87f1f2bfb8bbd3b6
      size: 636
    sha256: 75d76cdb5c2a34ea2388bbaf005631c17f1f7d829d95bd2953875e8d451dc400
    size: 45452
    url: https://github.com/lamdu/GLFW-b/archive/506abf792cfd98f9a4e6d0bc526b74f848dc413e.tar.gz
    version: 3.3.9.2
  original:
    url: https://github.com/lamdu/GLFW-b/archive/506abf792cfd98f9a4e6d0bc526b74f848dc413e.tar.gz
- completed:
    name: bindings-GLFW
    pantry-tree:
      sha256: 08ffe08a08abea98b3c0fb2370073b02938644688ecf84337f73dcde7699aba6
      size: 5583
    sha256: 7a6bfd2f0a5c95e03fd29d6e150f58b62d5417d41f4989e366fe980edc9e7cb6
    size: 601690
    url: https://github.com/lamdu/bindings-GLFW/archive/4402c6b6fee81e59f5931fabe1724233cd0ca08c.tar.gz
    version: 3.3.9.3
  original:
    url: https://github.com/lamdu/bindings-GLFW/archive/4402c6b6fee81e59f5931fabe1724233cd0ca08c.tar.gz
- completed:
    name: hypertypes
    pantry-tree:
      sha256: aab4d884cdb96b7b99f4d0c6f2d88e6d08478ac6999648260e5de21154ddb94b
      size: 6114
    sha256: 9f6a5afdd039d9925268f7a0ed441a7e5a6bcfc02cef0dd06f4a6f2739f236e4
    size: 74433
    url: https://github.com/lamdu/hypertypes/archive/06cf48ef9c85c54cbe722a448754cb89931b23e7.tar.gz
    version: 0.2.3
  original:
    url: https://github.com/lamdu/hypertypes/archive/06cf48ef9c85c54cbe722a448754cb89931b23e7.tar.gz
- completed:
    name: graphics-drawingcombinators
    pantry-tree:
      sha256: 8ac9452e4cd701da9e49cd3720628be9fb62af558acf6df04038c46bd9dbb383
      size: 725
    sha256: 813095925bb8dd0bdbdb76703009c437ab9a6c89c23aafd01c62972133a9f6df
    size: 12164
    url: https://github.com/lamdu/graphics-drawingcombinators/archive/39500dd189b0676468848d1f452ac31c7f0ec461.tar.gz
    version: 1.7.1
  original:
    url: https://github.com/lamdu/graphics-drawingcombinators/archive/39500dd189b0676468848d1f452ac31c7f0ec461.tar.gz
- completed:
    name: freetype2
    pantry-tree:
      sha256: b9d850e9da722aa62e0c6fde90bf2686096ae1162caebb103e5528f953f7a8d2
      size: 55777
    sha256: 10b1cdf76502bf1b0c28138dfcad634784b219d645c1405130f9990f8230fdb4
    size: 1978540
    url: https://github.com/lamdu/freetype2/archive/046328d92312d65638440132c016a3081d9c32a4.tar.gz
    version: '0.2'
  original:
    url: https://github.com/lamdu/freetype2/archive/046328d92312d65638440132c016a3081d9c32a4.tar.gz
- completed:
    name: freetype-gl
    pantry-tree:
      sha256: 2b16f2687e354cdff3010e81263abba88e9dfdc4ff8040eaa6b7adf9ac1883e4
      size: 932
    sha256: 303a1c9211f8ab7341b678182601a8a583daf6533367212350138b3b2075f79e
    size: 9130
    url: https://github.com/lamdu/FreetypeGL/archive/18ca298d8fd48ad18f75264553b57714bf070c77.tar.gz
    version: 0.2.0.0
  original:
    url: https://github.com/lamdu/FreetypeGL/archive/18ca298d8fd48ad18f75264553b57714bf070c77.tar.gz
- completed:
    name: inline-js-core
    pantry-tree:
      sha256: cc38952613e62dd2e06a8dc8a4875db172b5bc500136ac9764799e685111d27e
      size: 1469
    sha256: 4ed9f977ec814f44bd4205de85223c17d653934547f2e2c1e8593ae323646825
    size: 82654
    subdir: inline-js-core
    url: https://github.com/tweag/inline-js/archive/8512b09d2c0533a41d5d2aef182b11a58c420c10.tar.gz
    version: 0.0.1.0
  original:
    subdir: inline-js-core
    url: https://github.com/tweag/inline-js/archive/8512b09d2c0533a41d5d2aef182b11a58c420c10.tar.gz
snapshots:
- completed:
    sha256: 296a7960c37efa382432ab497161a092684191815eb92a608c5d6ea5f894ace3
    size: 683835
    url: https://raw.githubusercontent.com/commercialhaskell/stackage-snapshots/master/lts/23/19.yaml
  original: lts-23.19
